
Microsoft Visual Studio Solution File, Format Version 12.00
# Visual Studio 15
Project("{FAE04EC0-301F-11D3-BF4B-00C04F79EFBC}") = "Assembly-CSharp", "Assembly-CSharp.csproj", "{B56D9120-937F-990C-9AEC-75D9E2244932}"
EndProject
Project("{FAE04EC0-301F-11D3-BF4B-00C04F79EFBC}") = "Assembly-CSharp-firstpass", "Assembly-CSharp-firstpass.csproj", "{F25905BB-03E2-7361-5848-3E2F08134A4A}"
EndProject
Project("{FAE04EC0-301F-11D3-BF4B-00C04F79EFBC}") = "Assembly-CSharp-Editor", "Assembly-CSharp-Editor.csproj", "{6E1D0CAC-F2B6-7628-3466-13E18C16B452}"
EndProject
Global
	GlobalSection(SolutionConfigurationPlatforms) = preSolution
		Debug|Any CPU = Debug|Any CPU
		Release|Any CPU = Release|Any CPU
	EndGlobalSection
	GlobalSection(ProjectConfigurationPlatforms) = postSolution
		{B56D9120-937F-990C-9AEC-75D9E2244932}.Debug|Any CPU.ActiveCfg = Debug|Any CPU
		{B56D9120-937F-990C-9AEC-75D9E2244932}.Debug|Any CPU.Build.0 = Debug|Any CPU
		{B56D9120-937F-990C-9AEC-75D9E2244932}.Release|Any CPU.ActiveCfg = Release|Any CPU
		{B56D9120-937F-990C-9AEC-75D9E2244932}.Release|Any CPU.Build.0 = Release|Any CPU
		{F25905BB-03E2-7361-5848-3E2F08134A4A}.Debug|Any CPU.ActiveCfg = Debug|Any CPU
		{F25905BB-03E2-7361-5848-3E2F08134A4A}.Debug|Any CPU.Build.0 = Debug|Any CPU
		{F25905BB-03E2-7361-5848-3E2F08134A4A}.Release|Any CPU.ActiveCfg = Release|Any CPU
		{F25905BB-03E2-7361-5848-3E2F08134A4A}.Release|Any CPU.Build.0 = Release|Any CPU
		{6E1D0CAC-F2B6-7628-3466-13E18C16B452}.Debug|Any CPU.ActiveCfg = Debug|Any CPU
		{6E1D0CAC-F2B6-7628-3466-13E18C16B452}.Debug|Any CPU.Build.0 = Debug|Any CPU
		{6E1D0CAC-F2B6-7628-3466-13E18C16B452}.Release|Any CPU.ActiveCfg = Release|Any CPU
		{6E1D0CAC-F2B6-7628-3466-13E18C16B452}.Release|Any CPU.Build.0 = Release|Any CPU
	EndGlobalSection
	GlobalSection(SolutionProperties) = preSolution
		HideSolutionNode = FALSE
	EndGlobalSection
EndGlobal
